
Microsoft Visual Studio Solution File, Format Version 12.00
# Visual Studio Version 17
VisualStudioVersion = 17.13.35825.156 d17.13
MinimumVisualStudioVersion = 10.0.40219.1
Project("{FAE04EC0-301F-11D3-BF4B-00C04F79EFBC}") = "ClusterManager", "ClusterManager\ClusterManager.csproj", "{379BB0CB-F503-4FF0-B1DF-ACAA8A1CE8A5}"
EndProject
Project("{FAE04EC0-301F-11D3-BF4B-00C04F79EFBC}") = "Node", "Node\Node.csproj", "{DD25AF21-FA72-491D-96C5-8735BB9405BD}"
EndProject
Project("{FAE04EC0-301F-11D3-BF4B-00C04F79EFBC}") = "Client", "Client\Client.csproj", "{94750E52-DF44-433E-8BA0-09F5C41BC0BB}"
EndProject
Global
	GlobalSection(SolutionConfigurationPlatforms) = preSolution
		Debug|Any CPU = Debug|Any CPU
		Release|Any CPU = Release|Any CPU
	EndGlobalSection
	GlobalSection(ProjectConfigurationPlatforms) = postSolution
		{379BB0CB-F503-4FF0-B1DF-ACAA8A1CE8A5}.Debug|Any CPU.ActiveCfg = Debug|Any CPU
		{379BB0CB-F503-4FF0-B1DF-ACAA8A1CE8A5}.Debug|Any CPU.Build.0 = Debug|Any CPU
		{379BB0CB-F503-4FF0-B1DF-ACAA8A1CE8A5}.Release|Any CPU.ActiveCfg = Release|Any CPU
		{379BB0CB-F503-4FF0-B1DF-ACAA8A1CE8A5}.Release|Any CPU.Build.0 = Release|Any CPU
		{DD25AF21-FA72-491D-96C5-8735BB9405BD}.Debug|Any CPU.ActiveCfg = Debug|Any CPU
		{DD25AF21-FA72-491D-96C5-8735BB9405BD}.Debug|Any CPU.Build.0 = Debug|Any CPU
		{DD25AF21-FA72-491D-96C5-8735BB9405BD}.Release|Any CPU.ActiveCfg = Release|Any CPU
		{DD25AF21-FA72-491D-96C5-8735BB9405BD}.Release|Any CPU.Build.0 = Release|Any CPU
		{94750E52-DF44-433E-8BA0-09F5C41BC0BB}.Debug|Any CPU.ActiveCfg = Debug|Any CPU
		{94750E52-DF44-433E-8BA0-09F5C41BC0BB}.Debug|Any CPU.Build.0 = Debug|Any CPU
		{94750E52-DF44-433E-8BA0-09F5C41BC0BB}.Release|Any CPU.ActiveCfg = Release|Any CPU
		{94750E52-DF44-433E-8BA0-09F5C41BC0BB}.Release|Any CPU.Build.0 = Release|Any CPU
	EndGlobalSection
	GlobalSection(SolutionProperties) = preSolution
		HideSolutionNode = FALSE
	EndGlobalSection
	GlobalSection(ExtensibilityGlobals) = postSolution
		SolutionGuid = {D7DB3AD3-E8C0-4C55-8B75-846AC98E55CE}
	EndGlobalSection
EndGlobal
